
Microsoft Visual Studio Solution File, Format Version 11.00
# Visual Studio 2010
Project("{FAE04EC0-301F-11D3-BF4B-00C04F79EFBC}") = "Assembly-CSharp", "Assembly-CSharp.csproj", "{4c253a09-4bad-0655-410f-984003136ff2}"
EndProject
Project("{FAE04EC0-301F-11D3-BF4B-00C04F79EFBC}") = "AstarPathfindingProject", "AstarPathfindingProject.csproj", "{2883d085-43e3-f087-85d9-c3e225ca5dc3}"
EndProject
Project("{FAE04EC0-301F-11D3-BF4B-00C04F79EFBC}") = "AstarPathfindingProjectEditor", "AstarPathfindingProjectEditor.csproj", "{848dce36-a397-d931-ebe4-825b3ed913be}"
EndProject
Project("{FAE04EC0-301F-11D3-BF4B-00C04F79EFBC}") = "Assembly-CSharp-Editor", "Assembly-CSharp-Editor.csproj", "{5f3d4cc2-6f0f-a7f0-6941-880070fbdacd}"
EndProject
Project("{FAE04EC0-301F-11D3-BF4B-00C04F79EFBC}") = "PackageToolsEditor", "PackageToolsEditor.csproj", "{3908e160-b97b-b4e1-df62-c9f7680f4525}"
EndProject
Global
	GlobalSection(SolutionConfigurationPlatforms) = preSolution
		Debug|Any CPU = Debug|Any CPU
	EndGlobalSection
	GlobalSection(ProjectConfigurationPlatforms) = postSolution
		{4c253a09-4bad-0655-410f-984003136ff2}.Debug|Any CPU.ActiveCfg = Debug|Any CPU
		{4c253a09-4bad-0655-410f-984003136ff2}.Debug|Any CPU.Build.0 = Debug|Any CPU
		{2883d085-43e3-f087-85d9-c3e225ca5dc3}.Debug|Any CPU.ActiveCfg = Debug|Any CPU
		{2883d085-43e3-f087-85d9-c3e225ca5dc3}.Debug|Any CPU.Build.0 = Debug|Any CPU
		{848dce36-a397-d931-ebe4-825b3ed913be}.Debug|Any CPU.ActiveCfg = Debug|Any CPU
		{848dce36-a397-d931-ebe4-825b3ed913be}.Debug|Any CPU.Build.0 = Debug|Any CPU
		{5f3d4cc2-6f0f-a7f0-6941-880070fbdacd}.Debug|Any CPU.ActiveCfg = Debug|Any CPU
		{5f3d4cc2-6f0f-a7f0-6941-880070fbdacd}.Debug|Any CPU.Build.0 = Debug|Any CPU
		{3908e160-b97b-b4e1-df62-c9f7680f4525}.Debug|Any CPU.ActiveCfg = Debug|Any CPU
		{3908e160-b97b-b4e1-df62-c9f7680f4525}.Debug|Any CPU.Build.0 = Debug|Any CPU
	EndGlobalSection
	GlobalSection(SolutionProperties) = preSolution
		HideSolutionNode = FALSE
	EndGlobalSection
EndGlobal
